
Microsoft Visual Studio Solution File, Format Version 12.00
Project("{FAE04EC0-301F-11D3-BF4B-00C04F79EFBC}") = "MasstransitExample.Host", "MasstransitExample.Host\MasstransitExample.Host.csproj", "{BCC23317-6FE8-4174-9EAB-176F00F67387}"
EndProject
Global
	GlobalSection(SolutionConfigurationPlatforms) = preSolution
		Debug|Any CPU = Debug|Any CPU
		Release|Any CPU = Release|Any CPU
	EndGlobalSection
	GlobalSection(ProjectConfigurationPlatforms) = postSolution
		{BCC23317-6FE8-4174-9EAB-176F00F67387}.Debug|Any CPU.ActiveCfg = Debug|Any CPU
		{BCC23317-6FE8-4174-9EAB-176F00F67387}.Debug|Any CPU.Build.0 = Debug|Any CPU
		{BCC23317-6FE8-4174-9EAB-176F00F67387}.Release|Any CPU.ActiveCfg = Release|Any CPU
		{BCC23317-6FE8-4174-9EAB-176F00F67387}.Release|Any CPU.Build.0 = Release|Any CPU
	EndGlobalSection
EndGlobal
